
Microsoft Visual Studio Solution File, Format Version 12.00
# Visual Studio Version 17
VisualStudioVersion = 17.9.34622.214
MinimumVisualStudioVersion = 10.0.40219.1
Project("{9A19103F-16F7-4668-BE54-9A1E7A4F7556}") = "WeatherForecasting.WebAPI", "src\WeatherForecasting.WebAPI\WeatherForecasting.WebAPI.csproj", "{2F6B167C-2CDE-411D-A35E-48D84A4AFE8C}"
EndProject
Project("{2150E333-8FDC-42A3-9474-1A3956D46DE8}") = "src", "src", "{52D92BC1-A1F7-496D-8AA8-D7A5DA333F4A}"
EndProject
Project("{9A19103F-16F7-4668-BE54-9A1E7A4F7556}") = "WeatherForecasting.Core", "src\WeatherForecasting.Core\WeatherForecasting.Core.csproj", "{D89F956C-8177-4CDD-B5A8-62C396C713D6}"
EndProject
Project("{2150E333-8FDC-42A3-9474-1A3956D46DE8}") = "tests", "tests", "{E0D5443C-D830-4F28-AFB6-2F6C651F16F7}"
EndProject
Project("{9A19103F-16F7-4668-BE54-9A1E7A4F7556}") = "WeatherForecasting.Infrastructure", "src\WeatherForecasting.Infrastructure\WeatherForecasting.Infrastructure.csproj", "{311EB2C1-3A29-45C0-9A1E-0DBFE3C5E029}"
EndProject
Project("{9A19103F-16F7-4668-BE54-9A1E7A4F7556}") = "WeatherForecasting.Core.Tests", "tests\WeatherForecasting.Core.Tests\WeatherForecasting.Core.Tests.csproj", "{37BF33AB-0649-4203-A075-6FECBB31250A}"
EndProject
Global
	GlobalSection(SolutionConfigurationPlatforms) = preSolution
		Debug|Any CPU = Debug|Any CPU
		Release|Any CPU = Release|Any CPU
	EndGlobalSection
	GlobalSection(ProjectConfigurationPlatforms) = postSolution
		{2F6B167C-2CDE-411D-A35E-48D84A4AFE8C}.Debug|Any CPU.ActiveCfg = Debug|Any CPU
		{2F6B167C-2CDE-411D-A35E-48D84A4AFE8C}.Debug|Any CPU.Build.0 = Debug|Any CPU
		{2F6B167C-2CDE-411D-A35E-48D84A4AFE8C}.Release|Any CPU.ActiveCfg = Release|Any CPU
		{2F6B167C-2CDE-411D-A35E-48D84A4AFE8C}.Release|Any CPU.Build.0 = Release|Any CPU
		{D89F956C-8177-4CDD-B5A8-62C396C713D6}.Debug|Any CPU.ActiveCfg = Debug|Any CPU
		{D89F956C-8177-4CDD-B5A8-62C396C713D6}.Debug|Any CPU.Build.0 = Debug|Any CPU
		{D89F956C-8177-4CDD-B5A8-62C396C713D6}.Release|Any CPU.ActiveCfg = Release|Any CPU
		{D89F956C-8177-4CDD-B5A8-62C396C713D6}.Release|Any CPU.Build.0 = Release|Any CPU
		{311EB2C1-3A29-45C0-9A1E-0DBFE3C5E029}.Debug|Any CPU.ActiveCfg = Debug|Any CPU
		{311EB2C1-3A29-45C0-9A1E-0DBFE3C5E029}.Debug|Any CPU.Build.0 = Debug|Any CPU
		{311EB2C1-3A29-45C0-9A1E-0DBFE3C5E029}.Release|Any CPU.ActiveCfg = Release|Any CPU
		{311EB2C1-3A29-45C0-9A1E-0DBFE3C5E029}.Release|Any CPU.Build.0 = Release|Any CPU
		{37BF33AB-0649-4203-A075-6FECBB31250A}.Debug|Any CPU.ActiveCfg = Debug|Any CPU
		{37BF33AB-0649-4203-A075-6FECBB31250A}.Debug|Any CPU.Build.0 = Debug|Any CPU
		{37BF33AB-0649-4203-A075-6FECBB31250A}.Release|Any CPU.ActiveCfg = Release|Any CPU
		{37BF33AB-0649-4203-A075-6FECBB31250A}.Release|Any CPU.Build.0 = Release|Any CPU
	EndGlobalSection
	GlobalSection(SolutionProperties) = preSolution
		HideSolutionNode = FALSE
	EndGlobalSection
	GlobalSection(NestedProjects) = preSolution
		{2F6B167C-2CDE-411D-A35E-48D84A4AFE8C} = {52D92BC1-A1F7-496D-8AA8-D7A5DA333F4A}
		{D89F956C-8177-4CDD-B5A8-62C396C713D6} = {52D92BC1-A1F7-496D-8AA8-D7A5DA333F4A}
		{311EB2C1-3A29-45C0-9A1E-0DBFE3C5E029} = {52D92BC1-A1F7-496D-8AA8-D7A5DA333F4A}
		{37BF33AB-0649-4203-A075-6FECBB31250A} = {E0D5443C-D830-4F28-AFB6-2F6C651F16F7}
	EndGlobalSection
	GlobalSection(ExtensibilityGlobals) = postSolution
		SolutionGuid = {08246E64-C75A-462F-8D1E-0062DE5BD252}
	EndGlobalSection
EndGlobal
