
Microsoft Visual Studio Solution File, Format Version 12.00
# Visual Studio Version 17
VisualStudioVersion = 17.9.34622.214
MinimumVisualStudioVersion = 10.0.40219.1
Project("{9A19103F-16F7-4668-BE54-9A1E7A4F7556}") = "WeatherForecasting.WebAPI", "src\WeatherForecasting.WebAPI\WeatherForecasting.WebAPI.csproj", "{2F6B167C-2CDE-411D-A35E-48D84A4AFE8C}"
EndProject
Project("{FAE04EC0-301F-11D3-BF4B-00C04F79EFBC}") = "WeatherForecasting.Infrastructure", "WeatherForecasting.Infrastructure\WeatherForecasting.Infrastructure.csproj", "{D590B4B9-5AFD-479F-A80C-43BADB3D1BC2}"
EndProject
Project("{FAE04EC0-301F-11D3-BF4B-00C04F79EFBC}") = "WeatherForecasting.Core", "WeatherForecasting.Core\WeatherForecasting.Core.csproj", "{E96AC4CC-DBDC-45B8-B014-8EE0053910A1}"
EndProject
Global
	GlobalSection(SolutionConfigurationPlatforms) = preSolution
		Debug|Any CPU = Debug|Any CPU
		Release|Any CPU = Release|Any CPU
	EndGlobalSection
	GlobalSection(ProjectConfigurationPlatforms) = postSolution
		{2F6B167C-2CDE-411D-A35E-48D84A4AFE8C}.Debug|Any CPU.ActiveCfg = Debug|Any CPU
		{2F6B167C-2CDE-411D-A35E-48D84A4AFE8C}.Debug|Any CPU.Build.0 = Debug|Any CPU
		{2F6B167C-2CDE-411D-A35E-48D84A4AFE8C}.Release|Any CPU.ActiveCfg = Release|Any CPU
		{2F6B167C-2CDE-411D-A35E-48D84A4AFE8C}.Release|Any CPU.Build.0 = Release|Any CPU
		{D590B4B9-5AFD-479F-A80C-43BADB3D1BC2}.Debug|Any CPU.ActiveCfg = Debug|Any CPU
		{D590B4B9-5AFD-479F-A80C-43BADB3D1BC2}.Debug|Any CPU.Build.0 = Debug|Any CPU
		{D590B4B9-5AFD-479F-A80C-43BADB3D1BC2}.Release|Any CPU.ActiveCfg = Release|Any CPU
		{D590B4B9-5AFD-479F-A80C-43BADB3D1BC2}.Release|Any CPU.Build.0 = Release|Any CPU
		{E96AC4CC-DBDC-45B8-B014-8EE0053910A1}.Debug|Any CPU.ActiveCfg = Debug|Any CPU
		{E96AC4CC-DBDC-45B8-B014-8EE0053910A1}.Debug|Any CPU.Build.0 = Debug|Any CPU
		{E96AC4CC-DBDC-45B8-B014-8EE0053910A1}.Release|Any CPU.ActiveCfg = Release|Any CPU
		{E96AC4CC-DBDC-45B8-B014-8EE0053910A1}.Release|Any CPU.Build.0 = Release|Any CPU
	EndGlobalSection
	GlobalSection(SolutionProperties) = preSolution
		HideSolutionNode = FALSE
	EndGlobalSection
	GlobalSection(ExtensibilityGlobals) = postSolution
		SolutionGuid = {08246E64-C75A-462F-8D1E-0062DE5BD252}
	EndGlobalSection
EndGlobal
